{
  "name": "voyager",
  "version": "1.0.0",
  "lockfileVersion": 2,
  "requires": true,
  "packages": {
    "": {
      "name": "voyager",
      "version": "1.0.0",
      "license": "ISC",
      "dependencies": {
        "dotenv": "^16.3.1",
        "email-validator": "^2.0.4",
        "katon.io-js-sdk": "^1.1.3",
        "lodash": "^4.17.21"
      }
    },
    "node_modules/asynckit": {
      "version": "0.4.0",
      "license": "MIT"
    },
    "node_modules/axios": {
      "version": "0.27.2",
      "license": "MIT",
      "dependencies": {
        "follow-redirects": "^1.14.9",
        "form-data": "^4.0.0"
      }
    },
    "node_modules/combined-stream": {
      "version": "1.0.8",
      "license": "MIT",
      "dependencies": {
        "delayed-stream": "~1.0.0"
      },
      "engines": {
        "node": ">= 0.8"
      }
    },
    "node_modules/delayed-stream": {
      "version": "1.0.0",
      "license": "MIT",
      "engines": {
        "node": ">=0.4.0"
      }
    },
    "node_modules/dotenv": {
      "version": "16.3.1",
      "resolved": "https://registry.npmjs.org/dotenv/-/dotenv-16.3.1.tgz",
      "integrity": "sha512-IPzF4w4/Rd94bA9imS68tZBaYyBWSCE47V1RGuMrB94iyTOIEwRmVL2x/4An+6mETpLrKJ5hQkB8W4kFAadeIQ==",
      "engines": {
        "node": ">=12"
      },
      "funding": {
        "url": "https://github.com/motdotla/dotenv?sponsor=1"
      }
    },
    "node_modules/email-validator": {
      "version": "2.0.4",
      "engines": {
        "node": ">4.0"
      }
    },
    "node_modules/follow-redirects": {
      "version": "1.15.2",
      "funding": [
        {
          "type": "individual",
          "url": "https://github.com/sponsors/RubenVerborgh"
        }
      ],
      "license": "MIT",
      "engines": {
        "node": ">=4.0"
      },
      "peerDependenciesMeta": {
        "debug": {
          "optional": true
        }
      }
    },
    "node_modules/form-data": {
      "version": "4.0.0",
      "license": "MIT",
      "dependencies": {
        "asynckit": "^0.4.0",
        "combined-stream": "^1.0.8",
        "mime-types": "^2.1.12"
      },
      "engines": {
        "node": ">= 6"
      }
    },
    "node_modules/katon.io-js-sdk": {
      "version": "1.1.3",
      "resolved": "https://registry.npmjs.org/katon.io-js-sdk/-/katon.io-js-sdk-1.1.3.tgz",
      "integrity": "sha512-NSvYZ8HeUv/ZUaRyt33Q1K8YVF/1lNLeIP8VrHEjYMvUsytRkvTNqxPgrGbGEP7p5ctU4QR5LS352+9JaWYSVg==",
      "dependencies": {
        "axios": "^0.27.2"
      }
    },
    "node_modules/lodash": {
      "version": "4.17.21",
      "license": "MIT"
    },
    "node_modules/mime-db": {
      "version": "1.52.0",
      "license": "MIT",
      "engines": {
        "node": ">= 0.6"
      }
    },
    "node_modules/mime-types": {
      "version": "2.1.35",
      "license": "MIT",
      "dependencies": {
        "mime-db": "1.52.0"
      },
      "engines": {
        "node": ">= 0.6"
      }
    }
  },
  "dependencies": {
    "asynckit": {
      "version": "0.4.0"
    },
    "axios": {
      "version": "0.27.2",
      "requires": {
        "follow-redirects": "^1.14.9",
        "form-data": "^4.0.0"
      }
    },
    "combined-stream": {
      "version": "1.0.8",
      "requires": {
        "delayed-stream": "~1.0.0"
      }
    },
    "delayed-stream": {
      "version": "1.0.0"
    },
    "dotenv": {
      "version": "16.3.1",
      "resolved": "https://registry.npmjs.org/dotenv/-/dotenv-16.3.1.tgz",
      "integrity": "sha512-IPzF4w4/Rd94bA9imS68tZBaYyBWSCE47V1RGuMrB94iyTOIEwRmVL2x/4An+6mETpLrKJ5hQkB8W4kFAadeIQ=="
    },
    "email-validator": {
      "version": "2.0.4"
    },
    "follow-redirects": {
      "version": "1.15.2"
    },
    "form-data": {
      "version": "4.0.0",
      "requires": {
        "asynckit": "^0.4.0",
        "combined-stream": "^1.0.8",
        "mime-types": "^2.1.12"
      }
    },
    "katon.io-js-sdk": {
      "version": "1.1.3",
      "resolved": "https://registry.npmjs.org/katon.io-js-sdk/-/katon.io-js-sdk-1.1.3.tgz",
      "integrity": "sha512-NSvYZ8HeUv/ZUaRyt33Q1K8YVF/1lNLeIP8VrHEjYMvUsytRkvTNqxPgrGbGEP7p5ctU4QR5LS352+9JaWYSVg==",
      "requires": {
        "axios": "^0.27.2"
      }
    },
    "lodash": {
      "version": "4.17.21"
    },
    "mime-db": {
      "version": "1.52.0"
    },
    "mime-types": {
      "version": "2.1.35",
      "requires": {
        "mime-db": "1.52.0"
      }
    }
  }
}
